
Microsoft Visual Studio Solution File, Format Version 12.00
# Visual Studio 15
VisualStudioVersion = 15.0.28010.2041
MinimumVisualStudioVersion = 10.0.40219.1
Project("{FAE04EC0-301F-11D3-BF4B-00C04F79EFBC}") = "ATTA Prep Course Class 1", "ATTA Prep Course Class 1\ATTA Prep Course Class 1.csproj", "{300B01CD-CA23-47D8-90A7-CF804B238770}"
EndProject
Global
	GlobalSection(SolutionConfigurationPlatforms) = preSolution
		Debug|Any CPU = Debug|Any CPU
		Release|Any CPU = Release|Any CPU
	EndGlobalSection
	GlobalSection(ProjectConfigurationPlatforms) = postSolution
		{300B01CD-CA23-47D8-90A7-CF804B238770}.Debug|Any CPU.ActiveCfg = Debug|Any CPU
		{300B01CD-CA23-47D8-90A7-CF804B238770}.Debug|Any CPU.Build.0 = Debug|Any CPU
		{300B01CD-CA23-47D8-90A7-CF804B238770}.Release|Any CPU.ActiveCfg = Release|Any CPU
		{300B01CD-CA23-47D8-90A7-CF804B238770}.Release|Any CPU.Build.0 = Release|Any CPU
	EndGlobalSection
	GlobalSection(SolutionProperties) = preSolution
		HideSolutionNode = FALSE
	EndGlobalSection
	GlobalSection(ExtensibilityGlobals) = postSolution
		SolutionGuid = {9D711A3E-8C2F-4082-8307-6FAB2961D7BF}
	EndGlobalSection
EndGlobal
