
Microsoft Visual Studio Solution File, Format Version 12.00
# Visual Studio 15
VisualStudioVersion = 15.0.27703.2035
MinimumVisualStudioVersion = 10.0.40219.1
Project("{FAE04EC0-301F-11D3-BF4B-00C04F79EFBC}") = "ATTA Prep Class 1 Homework Functions", "ATTA Prep Class 1 Homework Functions\ATTA Prep Class 1 Homework Functions.csproj", "{0FAEA384-518A-464E-A8E9-1E53989DE8BE}"
EndProject
Global
	GlobalSection(SolutionConfigurationPlatforms) = preSolution
		Debug|Any CPU = Debug|Any CPU
		Release|Any CPU = Release|Any CPU
	EndGlobalSection
	GlobalSection(ProjectConfigurationPlatforms) = postSolution
		{0FAEA384-518A-464E-A8E9-1E53989DE8BE}.Debug|Any CPU.ActiveCfg = Debug|Any CPU
		{0FAEA384-518A-464E-A8E9-1E53989DE8BE}.Debug|Any CPU.Build.0 = Debug|Any CPU
		{0FAEA384-518A-464E-A8E9-1E53989DE8BE}.Release|Any CPU.ActiveCfg = Release|Any CPU
		{0FAEA384-518A-464E-A8E9-1E53989DE8BE}.Release|Any CPU.Build.0 = Release|Any CPU
	EndGlobalSection
	GlobalSection(SolutionProperties) = preSolution
		HideSolutionNode = FALSE
	EndGlobalSection
	GlobalSection(ExtensibilityGlobals) = postSolution
		SolutionGuid = {E84406EE-0BEB-4541-A94B-6F7EF4274129}
	EndGlobalSection
EndGlobal
